Microsoft Visual Studio Solution File, Format Version 11.00
# Visual Studio 2008

Project("{278C0293-B073-2D12-1A1F-2F83E0287F3C}") = "Visual_Algorithms", "Assembly-CSharp.csproj", "{D35B0312-BF05-AE23-90F2-2888A39ED0D1}"
EndProject
Global
	GlobalSection(SolutionConfigurationPlatforms) = preSolution
		Debug|Any CPU = Debug|Any CPU
		Release|Any CPU = Release|Any CPU
	EndGlobalSection
	GlobalSection(ProjectConfigurationPlatforms) = postSolution
		{D35B0312-BF05-AE23-90F2-2888A39ED0D1}.Debug|Any CPU.ActiveCfg = Debug|Any CPU
		{D35B0312-BF05-AE23-90F2-2888A39ED0D1}.Debug|Any CPU.Build.0 = Debug|Any CPU
		{D35B0312-BF05-AE23-90F2-2888A39ED0D1}.Release|Any CPU.ActiveCfg = Release|Any CPU
		{D35B0312-BF05-AE23-90F2-2888A39ED0D1}.Release|Any CPU.Build.0 = Release|Any CPU
	EndGlobalSection
	GlobalSection(SolutionProperties) = preSolution
		HideSolutionNode = FALSE
	EndGlobalSection
	GlobalSection(MonoDevelopProperties) = preSolution
		StartupItem = Assembly-CSharp.csproj
	EndGlobalSection
EndGlobal
